
Microsoft Visual Studio Solution File, Format Version 12.00
# Visual Studio 15
Project("{FAE04EC0-301F-11D3-BF4B-00C04F79EFBC}") = "Rabbit Empire", "Assembly-CSharp.csproj", "{28922355-B05C-39D3-5396-49E0574B88B5}"
EndProject
Global
	GlobalSection(SolutionConfigurationPlatforms) = preSolution
		Debug|Any CPU = Debug|Any CPU
		Release|Any CPU = Release|Any CPU
	EndGlobalSection
	GlobalSection(ProjectConfigurationPlatforms) = postSolution
		{28922355-B05C-39D3-5396-49E0574B88B5}.Debug|Any CPU.ActiveCfg = Debug|Any CPU
		{28922355-B05C-39D3-5396-49E0574B88B5}.Debug|Any CPU.Build.0 = Debug|Any CPU
		{28922355-B05C-39D3-5396-49E0574B88B5}.Release|Any CPU.ActiveCfg = Release|Any CPU
		{28922355-B05C-39D3-5396-49E0574B88B5}.Release|Any CPU.Build.0 = Release|Any CPU
	EndGlobalSection
	GlobalSection(SolutionProperties) = preSolution
		HideSolutionNode = FALSE
	EndGlobalSection
EndGlobal
